// !$*UTF8*$!
{
	archiveVersion = 1;
	classes = {
	};
	objectVersion = 46;
	objects = {

/* Begin PBXBuildFile section */
		0207DA581B56EA530066E2B4 /* Images.xcassets in Resources */ = {isa = PBXBuildFile; fileRef = 0207DA571B56EA530066E2B4 /* Images.xcassets */; };
		041B352588064AA0B5642DA0 /* APPMethodMagic.m in Sources */ = {isa = PBXBuildFile; fileRef = 3D28FC65C12642D6915DAE22 /* APPMethodMagic.m */; };
		09BD9E22423D48DE9C8ECA69 /* GCDWebServerDataRequest.m in Sources */ = {isa = PBXBuildFile; fileRef = 7225E495A1BD4C45816645D8 /* GCDWebServerDataRequest.m */; };
		0D29338CCB7D44F994665D24 /* GCDWebServer.m in Sources */ = {isa = PBXBuildFile; fileRef = 8935464737874D78A05245BC /* GCDWebServer.m */; };
		0FD106777D914FB5ACFA2B2A /* AFSecurityPolicy.m in Sources */ = {isa = PBXBuildFile; fileRef = ECDC79526AE74EA5B370AD4F /* AFSecurityPolicy.m */; };
		1119F17CB25A44CDA58D348D /* SQLitePlugin.m in Sources */ = {isa = PBXBuildFile; fileRef = 0CDB69756F4F4DE08711F40F /* SQLitePlugin.m */; };
		12C64A6C0F59498D95D5D012 /* CDVFile.m in Sources */ = {isa = PBXBuildFile; fileRef = F82FE4AC28B74D6EBC857282 /* CDVFile.m */; };
		16BC931FEC1F4E10BF504B60 /* GCDWebServerMultiPartFormRequest.m in Sources */ = {isa = PBXBuildFile; fileRef = 6B0F0D1648BB442CB6FD386D /* GCDWebServerMultiPartFormRequest.m */; };
		1978852D1E5A4773998FDC19 /* CordovaHttpPlugin.m in Sources */ = {isa = PBXBuildFile; fileRef = 140BA1C026FF4B568C75D67A /* CordovaHttpPlugin.m */; };
		1D3623260D0F684500981E51 /* AppDelegate.m in Sources */ = {isa = PBXBuildFile; fileRef = 1D3623250D0F684500981E51 /* AppDelegate.m */; };
		1D60589B0D05DD56006BFB54 /* main.m in Sources */ = {isa = PBXBuildFile; fileRef = 29B97316FDCFA39411CA2CEA /* main.m */; };
		1DDCD9994F594E36B3C47794 /* SpeechRecognition.m in Sources */ = {isa = PBXBuildFile; fileRef = 660C66CF8D104C0587519D0A /* SpeechRecognition.m */; };
		22A0288CFE53427499AE6125 /* CDVWKWebViewUIDelegate.m in Sources */ = {isa = PBXBuildFile; fileRef = BD918C8E9DA74361B9DD1E5D /* CDVWKWebViewUIDelegate.m */; };
		252E3C4BEE5C4207938BECA8 /* AFNetworkReachabilityManager.m in Sources */ = {isa = PBXBuildFile; fileRef = 871E4D7F27BD4C4A931EA9EE /* AFNetworkReachabilityManager.m */; };
		2A6F328E8C3146999FA4B04D /* sqlite3.c in Sources */ = {isa = PBXBuildFile; fileRef = 7B21AAEEAB764E248D900360 /* sqlite3.c */; settings = {COMPILER_FLAGS = "-w -DSQLITE_THREADSAFE=2 -DSQLITE_DEFAULT_MEMSTATUS=0 -DSQLITE_OMIT_DECLTYPE -DSQLITE_OMIT_DEPRECATED -DSQLITE_OMIT_PROGRESS_CALLBACK -DSQLITE_OMIT_SHARED_CACHE -DSQLITE_TEMP_STORE=2 -DSQLITE_OMIT_LOAD_EXTENSION -DSQLITE_ENABLE_FTS3 -DSQLITE_ENABLE_FTS3_PARENTHESIS -DSQLITE_ENABLE_FTS4 -DSQLITE_ENABLE_RTREE -DSQLITE_DEFAULT_PAGE_SIZE=1024 -DSQLITE_DEFAULT_CACHE_SIZE=2000"; }; };
		2B4D272DC9E34E69AC86678C /* AudioToolbox.framework in Frameworks */ = {isa = PBXBuildFile; fileRef = EDCBB5D29BA8457B8250D444 /* AudioToolbox.framework */; };
		2B93C0B97EE9447692BE8C8E /* MediaPlayer.framework in Frameworks */ = {isa = PBXBuildFile; fileRef = 28653D7034314EA1AFD612B1 /* MediaPlayer.framework */; };
		301BF552109A68D80062928A /* libCordova.a in Frameworks */ = {isa = PBXBuildFile; fileRef = 301BF535109A57CC0062928A /* libCordova.a */; };
		302D95F114D2391D003F00A1 /* MainViewController.m in Sources */ = {isa = PBXBuildFile; fileRef = 302D95EF14D2391D003F00A1 /* MainViewController.m */; };
		302D95F214D2391D003F00A1 /* MainViewController.xib in Resources */ = {isa = PBXBuildFile; fileRef = 302D95F014D2391D003F00A1 /* MainViewController.xib */; };
		315D78B2F02040969594BE27 /* SDNetworkActivityIndicator.m in Sources */ = {isa = PBXBuildFile; fileRef = 956AA11CACD2462491AB4ECC /* SDNetworkActivityIndicator.m */; };
		3162DF7E672F4829AC116960 /* Security.framework in Frameworks */ = {isa = PBXBuildFile; fileRef = C1C27F3F14B84F3B8D71B3C5 /* Security.framework */; };
		34436CC1EE5B48C0973AAC0E /* CDVOrientation.m in Sources */ = {isa = PBXBuildFile; fileRef = 4CADD89A57A84435AB19523F /* CDVOrientation.m */; };
		35587F531B2C420F9CFA97E6 /* CDVUniqueDeviceID.m in Sources */ = {isa = PBXBuildFile; fileRef = F675403C6EFE48DFBAC8A71B /* CDVUniqueDeviceID.m */; };
		3D8929A83CD74FD6B841DC9F /* CDVSound.m in Sources */ = {isa = PBXBuildFile; fileRef = C3800498142F40AE8F30C1A7 /* CDVSound.m */; };
		3E5A7F0E6F4B47AE96A44E32 /* GCDWebServerFileResponse.m in Sources */ = {isa = PBXBuildFile; fileRef = 3355E8620C0242B499BD4EE7 /* GCDWebServerFileResponse.m */; };
		3EE4667CA6304397A64A04EF /* CDVAssetLibraryFilesystem.m in Sources */ = {isa = PBXBuildFile; fileRef = DF6D8F3F8F4A4E6FA79B0A4A /* CDVAssetLibraryFilesystem.m */; };
		48BC4949B56941E195BD5DB9 /* TextResponseSerializer.m in Sources */ = {isa = PBXBuildFile; fileRef = 6E7B2DB1B02149DBB6C062E1 /* TextResponseSerializer.m */; };
		4FB4EF65FC274D5EB52CFF72 /* AFURLSessionManager.m in Sources */ = {isa = PBXBuildFile; fileRef = 65BDEC52F29641E2AA25512B /* AFURLSessionManager.m */; };
		502451C901674337AAA8F176 /* GCDWebServerRequest.m in Sources */ = {isa = PBXBuildFile; fileRef = FB6D6CC126774DECA9D42382 /* GCDWebServerRequest.m */; };
		59B104BA37994033A8266320 /* CDVWKWebViewEngine.m in Sources */ = {isa = PBXBuildFile; fileRef = B3AA7583BDF841AB94E8DA8C /* CDVWKWebViewEngine.m */; };
		5CF498CF780A48A981E0BAFD /* GCDWebServerStreamedResponse.m in Sources */ = {isa = PBXBuildFile; fileRef = 27E7850C775D4F47BC5336BE /* GCDWebServerStreamedResponse.m */; };
		631B28215DA542C299928248 /* appbeep.wav in Resources */ = {isa = PBXBuildFile; fileRef = 59EFD8C075784583BE856EFD /* appbeep.wav */; };
		686FD18CB75D4E31BACC5A40 /* CDVStatusBar.m in Sources */ = {isa = PBXBuildFile; fileRef = 61245153B9EC47EC9D5460D7 /* CDVStatusBar.m */; };
		6AC4259171AD4190B7D81CD4 /* CDVTTS.m in Sources */ = {isa = PBXBuildFile; fileRef = D57ABE8D4A924CF69D09A522 /* CDVTTS.m */; };
		6AFF5BF91D6E424B00AB3073 /* CDVLaunchScreen.storyboard in Resources */ = {isa = PBXBuildFile; fileRef = 6AFF5BF81D6E424B00AB3073 /* CDVLaunchScreen.storyboard */; };
		6EC83B13E02E4907BED9A156 /* CoreTelephony.framework in Frameworks */ = {isa = PBXBuildFile; fileRef = F388859A9FF04A44AEABCBCE /* CoreTelephony.framework */; };
		740A811870564549BB680D53 /* Foundation.framework in Frameworks */ = {isa = PBXBuildFile; fileRef = 0F736956105044E5AC4CF410 /* Foundation.framework */; };
		7494C6A3114546CF9E8173AD /* SystemConfiguration.framework in Frameworks */ = {isa = PBXBuildFile; fileRef = DF03F2C6A563474D8583EFD7 /* SystemConfiguration.framework */; };
		79B4D7D16DF244EF8C1551B3 /* Speech.framework in Frameworks */ = {isa = PBXBuildFile; fileRef = 378260835AA54DD497EA0F33 /* Speech.framework */; };
		7A02961F89FA4FD8BC72B638 /* GCDWebServerURLEncodedFormRequest.m in Sources */ = {isa = PBXBuildFile; fileRef = 9B42FF855256420286A99F48 /* GCDWebServerURLEncodedFormRequest.m */; };
		8039494CCFCC4A25ACF2E30F /* libz.tbd in Frameworks */ = {isa = PBXBuildFile; fileRef = F6718584D13B408C8B7C4D69 /* libz.tbd */; };
		85AB764FC2344360BE803A94 /* StreamingMedia.m in Sources */ = {isa = PBXBuildFile; fileRef = 5EE28084D37A4C2599F90CA2 /* StreamingMedia.m */; };
		8B09ECBA0F66400C845F6A9E /* AFHTTPSessionManager.m in Sources */ = {isa = PBXBuildFile; fileRef = 378A78DE1A5A400A97401AE9 /* AFHTTPSessionManager.m */; };
		8EBC32132D124887BA287334 /* GCDWebServerFileRequest.m in Sources */ = {isa = PBXBuildFile; fileRef = 82EF455AB00B4CAEB083EF45 /* GCDWebServerFileRequest.m */; };
		9092820304D64B419DB021B2 /* TextRequestSerializer.m in Sources */ = {isa = PBXBuildFile; fileRef = C009946184E74DF7B1656D9B /* TextRequestSerializer.m */; };
		96D7CFA02CFD4E9DAB035048 /* CDVFileTransfer.m in Sources */ = {isa = PBXBuildFile; fileRef = 752610E3D0DD4D9F8E6D7ADF /* CDVFileTransfer.m */; };
		9F22E3279182469EABDCFD4E /* PSPDFThreadSafeMutableDictionary.m in Sources */ = {isa = PBXBuildFile; fileRef = 47AE517E67D146DD95196FDC /* PSPDFThreadSafeMutableDictionary.m */; settings = {COMPILER_FLAGS = "-w"; }; };
		A75791B08801433597A3167E /* AFURLRequestSerialization.m in Sources */ = {isa = PBXBuildFile; fileRef = F7AE9BFF29FF4C55BE3DB301 /* AFURLRequestSerialization.m */; };
		AC12E528074A4C4E8939B502 /* NativeAudio.m in Sources */ = {isa = PBXBuildFile; fileRef = F3543AFBAAF44073BB043001 /* NativeAudio.m */; };
		AECA7B3EAD3D43EBAEC4004B /* GCDWebServerResponse.m in Sources */ = {isa = PBXBuildFile; fileRef = B4082E04BBBB417F8D68EC1A /* GCDWebServerResponse.m */; };
		B0A4FB3BBC394301A21456DD /* GCDWebServerErrorResponse.m in Sources */ = {isa = PBXBuildFile; fileRef = 4BF6F6C6969549388863C7BD /* GCDWebServerErrorResponse.m */; };
		B5F22170EA324D63AA7B9B60 /* CDVConnection.m in Sources */ = {isa = PBXBuildFile; fileRef = 3C355313EC7F4CD4AA900437 /* CDVConnection.m */; };
		BD166F931B5340FBB56F3580 /* NativeAudioAsset.m in Sources */ = {isa = PBXBuildFile; fileRef = 5C8C5B1F09224BB9B193F0C2 /* NativeAudioAsset.m */; };
		BDD3210DA5EA41EFA9D71C64 /* GCDWebServerDataResponse.m in Sources */ = {isa = PBXBuildFile; fileRef = 55787ED367184632B2BD950F /* GCDWebServerDataResponse.m */; };
		C329C8286F8B409D890C1520 /* CDVSplashScreen.m in Sources */ = {isa = PBXBuildFile; fileRef = 1FB7C749C9D747B98C000AD9 /* CDVSplashScreen.m */; };
		C5C28F45FDF242EF831AF595 /* CDVLocalFilesystem.m in Sources */ = {isa = PBXBuildFile; fileRef = 44304A1C441B4BAAAD2F51C1 /* CDVLocalFilesystem.m */; };
		CC8DE6E833754F30A6E391A0 /* CDVDevice.m in Sources */ = {isa = PBXBuildFile; fileRef = 9FE09580F04F49D28DA6C161 /* CDVDevice.m */; };
		D2FAB5B3AE40442092545DAA /* AVFoundation.framework in Frameworks */ = {isa = PBXBuildFile; fileRef = F99C483AE550412395AE611A /* AVFoundation.framework */; };
		DA4E0228507C4A6C849C24B5 /* AFURLResponseSerialization.m in Sources */ = {isa = PBXBuildFile; fileRef = EEE4CF1E99304F92B3DFE6E7 /* AFURLResponseSerialization.m */; };
		E343659B69844981AB3BD9BE /* GCDWebServerFunctions.m in Sources */ = {isa = PBXBuildFile; fileRef = 8FB1CFFF228A46C6BECCA490 /* GCDWebServerFunctions.m */; };
		E543AC416A1D4F1E8C2BA359 /* APPBackgroundMode.m in Sources */ = {isa = PBXBuildFile; fileRef = 9B23FE76ECCA4C8F8283D5FD /* APPBackgroundMode.m */; };
		EA8D3F7DFF5847718270D8EE /* WebKit.framework in Frameworks */ = {isa = PBXBuildFile; fileRef = 4DE71F4034794FFCAA656C73 /* WebKit.framework */; settings = {ATTRIBUTES = (Weak, ); }; };
		ED827CB793B84E77A3BB0079 /* UICKeyChainStore.m in Sources */ = {isa = PBXBuildFile; fileRef = A26A877E6D91439094EF0836 /* UICKeyChainStore.m */; };
		F0262BCD9FBF41B2923604AE /* CDVReachability.m in Sources */ = {isa = PBXBuildFile; fileRef = FC8B1CF3CF344462B016AE86 /* CDVReachability.m */; };
		F3430452DB5F4794807B3F47 /* CDVWKProcessPoolFactory.m in Sources */ = {isa = PBXBuildFile; fileRef = 24A541F6EDBF475ABE662D60 /* CDVWKProcessPoolFactory.m */; };
		FE1671F2BD5641A289EF98BE /* IonicKeyboard.m in Sources */ = {isa = PBXBuildFile; fileRef = 52C03443119B46388248D144 /* IonicKeyboard.m */; };
		FF08E5CCFB8F44828294A0D9 /* GCDWebServerConnection.m in Sources */ = {isa = PBXBuildFile; fileRef = 7B34CA98C912467EB5BECB4A /* GCDWebServerConnection.m */; };
		FFC19C10A2DA48109761E553 /* CDVViewController+SplashScreen.m in Sources */ = {isa = PBXBuildFile; fileRef = CA8B5C281E0F4F7DA54A9887 /* CDVViewController+SplashScreen.m */; };
/* End PBXBuildFile section */

/* Begin PBXContainerItemProxy section */
		301BF534109A57CC0062928A /* PBXContainerItemProxy */ = {
			isa = PBXContainerItemProxy;
			containerPortal = 301BF52D109A57CC0062928A /* CordovaLib/CordovaLib.xcodeproj */;
			proxyType = 2;
			remoteGlobalIDString = D2AAC07E0554694100DB518D;
			remoteInfo = CordovaLib;
		};
		301BF550109A68C00062928A /* PBXContainerItemProxy */ = {
			isa = PBXContainerItemProxy;
			containerPortal = 301BF52D109A57CC0062928A /* CordovaLib/CordovaLib.xcodeproj */;
			proxyType = 1;
			remoteGlobalIDString = D2AAC07D0554694100DB518D;
			remoteInfo = CordovaLib;
		};
		3453D0D621488786000B883A /* PBXContainerItemProxy */ = {
			isa = PBXContainerItemProxy;
			containerPortal = 301BF52D109A57CC0062928A /* CordovaLib/CordovaLib.xcodeproj */;
			proxyType = 2;
			remoteGlobalIDString = C0C01EB21E3911D50056E6CB;
			remoteInfo = Cordova;
		};
/* End PBXContainerItemProxy section */

/* Begin PBXFileReference section */
		0207DA571B56EA530066E2B4 /* Images.xcassets */ = {isa = PBXFileReference; lastKnownFileType = folder.assetcatalog; name = Images.xcassets; path = MarketBot/Images.xcassets; sourceTree = SOURCE_ROOT; };
		024FC4E9B87E406997EB06DA /* GCDWebServerResponse.h */ = {isa = PBXFileReference; explicitFileType = undefined; fileEncoding = 4; includeInIndex = 0; lastKnownFileType = sourcecode.c.h; name = GCDWebServerResponse.h; path = "cordova-plugin-ionic-webview/GCDWebServerResponse.h"; sourceTree = "<group>"; };
		0645A147AE1B4C97B15CA953 /* NativeAudio.h */ = {isa = PBXFileReference; explicitFileType = undefined; fileEncoding = 4; includeInIndex = 0; lastKnownFileType = sourcecode.c.h; name = NativeAudio.h; path = "cordova-plugin-nativeaudio/NativeAudio.h"; sourceTree = "<group>"; };
		065301EACAE743CDBFFFA624 /* GCDWebServerFileRequest.h */ = {isa = PBXFileReference; explicitFileType = undefined; fileEncoding = 4; includeInIndex = 0; lastKnownFileType = sourcecode.c.h; name = GCDWebServerFileRequest.h; path = "cordova-plugin-ionic-webview/GCDWebServerFileRequest.h"; sourceTree = "<group>"; };
		0659E9BAB9EC480F8C7BC853 /* APPMethodMagic.h */ = {isa = PBXFileReference; explicitFileType = undefined; fileEncoding = 4; includeInIndex = 0; lastKnownFileType = sourcecode.c.h; name = APPMethodMagic.h; path = "cordova-plugin-background-mode/APPMethodMagic.h"; sourceTree = "<group>"; };
		0CDB69756F4F4DE08711F40F /* SQLitePlugin.m */ = {isa = PBXFileReference; explicitFileType = undefined; fileEncoding = 4; includeInIndex = 0; lastKnownFileType = sourcecode.c.objc; name = SQLitePlugin.m; path = "cordova-sqlite-storage/SQLitePlugin.m"; sourceTree = "<group>"; };
		0E6BE4D03BB4447B80E4F466 /* TextResponseSerializer.h */ = {isa = PBXFileReference; explicitFileType = undefined; fileEncoding = 4; includeInIndex = 0; lastKnownFileType = sourcecode.c.h; name = TextResponseSerializer.h; path = "cordova-plugin-advanced-http/TextResponseSerializer.h"; sourceTree = "<group>"; };
		0F736956105044E5AC4CF410 /* Foundation.framework */ = {isa = PBXFileReference; explicitFileType = undefined; fileEncoding = 9; includeInIndex = 0; lastKnownFileType = wrapper.framework; name = Foundation.framework; path = System/Library/Frameworks/Foundation.framework; sourceTree = SDKROOT; };
		10B0D39BDC27456788EB6538 /* IonicKeyboard.h */ = {isa = PBXFileReference; explicitFileType = undefined; fileEncoding = 4; includeInIndex = 0; lastKnownFileType = sourcecode.c.h; name = IonicKeyboard.h; path = "ionic-plugin-keyboard/IonicKeyboard.h"; sourceTree = "<group>"; };
		140BA1C026FF4B568C75D67A /* CordovaHttpPlugin.m */ = {isa = PBXFileReference; explicitFileType = undefined; fileEncoding = 4; includeInIndex = 0; lastKnownFileType = sourcecode.c.objc; name = CordovaHttpPlugin.m; path = "cordova-plugin-advanced-http/CordovaHttpPlugin.m"; sourceTree = "<group>"; };
		176F41CCC73E467B85B3DF33 /* PSPDFThreadSafeMutableDictionary.h */ = {isa = PBXFileReference; explicitFileType = undefined; fileEncoding = 4; includeInIndex = 0; lastKnownFileType = sourcecode.c.h; name = PSPDFThreadSafeMutableDictionary.h; path = "cordova-sqlite-storage/PSPDFThreadSafeMutableDictionary.h"; sourceTree = "<group>"; };
		19E2EA3B220D4ABE86B42724 /* CDVWKWebViewUIDelegate.h */ = {isa = PBXFileReference; explicitFileType = undefined; fileEncoding = 4; includeInIndex = 0; lastKnownFileType = sourcecode.c.h; name = CDVWKWebViewUIDelegate.h; path = "cordova-plugin-ionic-webview/CDVWKWebViewUIDelegate.h"; sourceTree = "<group>"; };
		1D3623240D0F684500981E51 /* AppDelegate.h */ = {isa = PBXFileReference; fileEncoding = 4; lastKnownFileType = sourcecode.c.h; path = AppDelegate.h; sourceTree = "<group>"; };
		1D3623250D0F684500981E51 /* AppDelegate.m */ = {isa = PBXFileReference; fileEncoding = 4; lastKnownFileType = sourcecode.c.objc; path = AppDelegate.m; sourceTree = "<group>"; };
		1D6058910D05DD3D006BFB54 /* MarketBot.app */ = {isa = PBXFileReference; explicitFileType = wrapper.application; includeInIndex = 0; path = MarketBot.app; sourceTree = BUILT_PRODUCTS_DIR; };
		1FB7C749C9D747B98C000AD9 /* CDVSplashScreen.m */ = {isa = PBXFileReference; explicitFileType = undefined; fileEncoding = 4; includeInIndex = 0; lastKnownFileType = sourcecode.c.objc; name = CDVSplashScreen.m; path = "cordova-plugin-splashscreen/CDVSplashScreen.m"; sourceTree = "<group>"; };
		24A541F6EDBF475ABE662D60 /* CDVWKProcessPoolFactory.m */ = {isa = PBXFileReference; explicitFileType = undefined; fileEncoding = 4; includeInIndex = 0; lastKnownFileType = sourcecode.c.objc; name = CDVWKProcessPoolFactory.m; path = "cordova-plugin-ionic-webview/CDVWKProcessPoolFactory.m"; sourceTree = "<group>"; };
		26E7B2832EC74903BD952E74 /* CordovaHttpPlugin.h */ = {isa = PBXFileReference; explicitFileType = undefined; fileEncoding = 4; includeInIndex = 0; lastKnownFileType = sourcecode.c.h; name = CordovaHttpPlugin.h; path = "cordova-plugin-advanced-http/CordovaHttpPlugin.h"; sourceTree = "<group>"; };
		27E7850C775D4F47BC5336BE /* GCDWebServerStreamedResponse.m */ = {isa = PBXFileReference; explicitFileType = undefined; fileEncoding = 4; includeInIndex = 0; lastKnownFileType = sourcecode.c.objc; name = GCDWebServerStreamedResponse.m; path = "cordova-plugin-ionic-webview/GCDWebServerStreamedResponse.m"; sourceTree = "<group>"; };
		28653D7034314EA1AFD612B1 /* MediaPlayer.framework */ = {isa = PBXFileReference; explicitFileType = undefined; fileEncoding = 9; includeInIndex = 0; lastKnownFileType = wrapper.framework; name = MediaPlayer.framework; path = System/Library/Frameworks/MediaPlayer.framework; sourceTree = SDKROOT; };
		29B97316FDCFA39411CA2CEA /* main.m */ = {isa = PBXFileReference; fileEncoding = 4; lastKnownFileType = sourcecode.c.objc; path = main.m; sourceTree = "<group>"; };
		301BF52D109A57CC0062928A /* CordovaLib/CordovaLib.xcodeproj */ = {isa = PBXFileReference; lastKnownFileType = "wrapper.pb-project"; path = CordovaLib/CordovaLib.xcodeproj; sourceTree = "<group>"; };
		301BF56E109A69640062928A /* www */ = {isa = PBXFileReference; lastKnownFileType = folder; path = www; sourceTree = SOURCE_ROOT; };
		302D95EE14D2391D003F00A1 /* MainViewController.h */ = {isa = PBXFileReference; fileEncoding = 4; lastKnownFileType = sourcecode.c.h; path = MainViewController.h; sourceTree = "<group>"; };
		302D95EF14D2391D003F00A1 /* MainViewController.m */ = {isa = PBXFileReference; fileEncoding = 4; lastKnownFileType = sourcecode.c.objc; path = MainViewController.m; sourceTree = "<group>"; };
		302D95F014D2391D003F00A1 /* MainViewController.xib */ = {isa = PBXFileReference; fileEncoding = 4; lastKnownFileType = file.xib; path = MainViewController.xib; sourceTree = "<group>"; };
		3047A50F1AB8059700498E2A /* build-debug.xcconfig */ = {isa = PBXFileReference; fileEncoding = 4; lastKnownFileType = text.xcconfig; name = "build-debug.xcconfig"; path = "cordova/build-debug.xcconfig"; sourceTree = SOURCE_ROOT; };
		3047A5101AB8059700498E2A /* build-release.xcconfig */ = {isa = PBXFileReference; fileEncoding = 4; lastKnownFileType = text.xcconfig; name = "build-release.xcconfig"; path = "cordova/build-release.xcconfig"; sourceTree = SOURCE_ROOT; };
		3047A5111AB8059700498E2A /* build.xcconfig */ = {isa = PBXFileReference; fileEncoding = 4; lastKnownFileType = text.xcconfig; name = build.xcconfig; path = cordova/build.xcconfig; sourceTree = SOURCE_ROOT; };
		32CA4F630368D1EE00C91783 /* MarketBot-Prefix.pch */ = {isa = PBXFileReference; fileEncoding = 4; lastKnownFileType = sourcecode.c.h; path = "MarketBot-Prefix.pch"; sourceTree = "<group>"; };
		3355E8620C0242B499BD4EE7 /* GCDWebServerFileResponse.m */ = {isa = PBXFileReference; explicitFileType = undefined; fileEncoding = 4; includeInIndex = 0; lastKnownFileType = sourcecode.c.objc; name = GCDWebServerFileResponse.m; path = "cordova-plugin-ionic-webview/GCDWebServerFileResponse.m"; sourceTree = "<group>"; };
		378260835AA54DD497EA0F33 /* Speech.framework */ = {isa = PBXFileReference; explicitFileType = undefined; fileEncoding = 9; includeInIndex = 0; lastKnownFileType = wrapper.framework; name = Speech.framework; path = System/Library/Frameworks/Speech.framework; sourceTree = SDKROOT; };
		378A78DE1A5A400A97401AE9 /* AFHTTPSessionManager.m */ = {isa = PBXFileReference; explicitFileType = undefined; fileEncoding = 4; includeInIndex = 0; lastKnownFileType = sourcecode.c.objc; name = AFHTTPSessionManager.m; path = "cordova-plugin-advanced-http/AFHTTPSessionManager.m"; sourceTree = "<group>"; };
		399241C570DC417290E6A9D5 /* UICKeyChainStore.h */ = {isa = PBXFileReference; explicitFileType = undefined; fileEncoding = 4; includeInIndex = 0; lastKnownFileType = sourcecode.c.h; name = UICKeyChainStore.h; path = "cordova-plugin-uniquedeviceid/UICKeyChainStore.h"; sourceTree = "<group>"; };
		3C355313EC7F4CD4AA900437 /* CDVConnection.m */ = {isa = PBXFileReference; explicitFileType = undefined; fileEncoding = 4; includeInIndex = 0; lastKnownFileType = sourcecode.c.objc; name = CDVConnection.m; path = "cordova-plugin-network-information/CDVConnection.m"; sourceTree = "<group>"; };
		3D28FC65C12642D6915DAE22 /* APPMethodMagic.m */ = {isa = PBXFileReference; explicitFileType = undefined; fileEncoding = 4; includeInIndex = 0; lastKnownFileType = sourcecode.c.objc; name = APPMethodMagic.m; path = "cordova-plugin-background-mode/APPMethodMagic.m"; sourceTree = "<group>"; };
		44304A1C441B4BAAAD2F51C1 /* CDVLocalFilesystem.m */ = {isa = PBXFileReference; explicitFileType = undefined; fileEncoding = 4; includeInIndex = 0; lastKnownFileType = sourcecode.c.objc; name = CDVLocalFilesystem.m; path = "cordova-plugin-file/CDVLocalFilesystem.m"; sourceTree = "<group>"; };
		47AE517E67D146DD95196FDC /* PSPDFThreadSafeMutableDictionary.m */ = {isa = PBXFileReference; explicitFileType = undefined; fileEncoding = 4; includeInIndex = 0; lastKnownFileType = sourcecode.c.objc; name = PSPDFThreadSafeMutableDictionary.m; path = "cordova-sqlite-storage/PSPDFThreadSafeMutableDictionary.m"; sourceTree = "<group>"; };
		4BF6F6C6969549388863C7BD /* GCDWebServerErrorResponse.m */ = {isa = PBXFileReference; explicitFileType = undefined; fileEncoding = 4; includeInIndex = 0; lastKnownFileType = sourcecode.c.objc; name = GCDWebServerErrorResponse.m; path = "cordova-plugin-ionic-webview/GCDWebServerErrorResponse.m"; sourceTree = "<group>"; };
		4C6CB6AFC5934A5888D30786 /* AFURLResponseSerialization.h */ = {isa = PBXFileReference; explicitFileType = undefined; fileEncoding = 4; includeInIndex = 0; lastKnownFileType = sourcecode.c.h; name = AFURLResponseSerialization.h; path = "cordova-plugin-advanced-http/AFURLResponseSerialization.h"; sourceTree = "<group>"; };
		4CADD89A57A84435AB19523F /* CDVOrientation.m */ = {isa = PBXFileReference; explicitFileType = undefined; fileEncoding = 4; includeInIndex = 0; lastKnownFileType = sourcecode.c.objc; name = CDVOrientation.m; path = "cordova-plugin-screen-orientation/CDVOrientation.m"; sourceTree = "<group>"; };
		4DE71F4034794FFCAA656C73 /* WebKit.framework */ = {isa = PBXFileReference; explicitFileType = undefined; fileEncoding = 9; includeInIndex = 0; lastKnownFileType = wrapper.framework; name = WebKit.framework; path = System/Library/Frameworks/WebKit.framework; sourceTree = SDKROOT; };
		500F17E0377E47E8A509027C /* GCDWebServerDataResponse.h */ = {isa = PBXFileReference; explicitFileType = undefined; fileEncoding = 4; includeInIndex = 0; lastKnownFileType = sourcecode.c.h; name = GCDWebServerDataResponse.h; path = "cordova-plugin-ionic-webview/GCDWebServerDataResponse.h"; sourceTree = "<group>"; };
		526BD1F92D40404B9734F85B /* CDVConnection.h */ = {isa = PBXFileReference; explicitFileType = undefined; fileEncoding = 4; includeInIndex = 0; lastKnownFileType = sourcecode.c.h; name = CDVConnection.h; path = "cordova-plugin-network-information/CDVConnection.h"; sourceTree = "<group>"; };
		52C03443119B46388248D144 /* IonicKeyboard.m */ = {isa = PBXFileReference; explicitFileType = undefined; fileEncoding = 4; includeInIndex = 0; lastKnownFileType = sourcecode.c.objc; name = IonicKeyboard.m; path = "ionic-plugin-keyboard/IonicKeyboard.m"; sourceTree = "<group>"; };
		556A3447C2AA47A5884F9956 /* GCDWebServerStreamedResponse.h */ = {isa = PBXFileReference; explicitFileType = undefined; fileEncoding = 4; includeInIndex = 0; lastKnownFileType = sourcecode.c.h; name = GCDWebServerStreamedResponse.h; path = "cordova-plugin-ionic-webview/GCDWebServerStreamedResponse.h"; sourceTree = "<group>"; };
		55787ED367184632B2BD950F /* GCDWebServerDataResponse.m */ = {isa = PBXFileReference; explicitFileType = undefined; fileEncoding = 4; includeInIndex = 0; lastKnownFileType = sourcecode.c.objc; name = GCDWebServerDataResponse.m; path = "cordova-plugin-ionic-webview/GCDWebServerDataResponse.m"; sourceTree = "<group>"; };
		563A666A01FC41B9ABBDE973 /* CDVFileTransfer.h */ = {isa = PBXFileReference; explicitFileType = undefined; fileEncoding = 4; includeInIndex = 0; lastKnownFileType = sourcecode.c.h; name = CDVFileTransfer.h; path = "cordova-plugin-file-transfer/CDVFileTransfer.h"; sourceTree = "<group>"; };
		59EFD8C075784583BE856EFD /* appbeep.wav */ = {isa = PBXFileReference; explicitFileType = undefined; fileEncoding = 9; includeInIndex = 0; lastKnownFileType = unknown; path = appbeep.wav; sourceTree = "<group>"; };
		5C8C5B1F09224BB9B193F0C2 /* NativeAudioAsset.m */ = {isa = PBXFileReference; explicitFileType = undefined; fileEncoding = 4; includeInIndex = 0; lastKnownFileType = sourcecode.c.objc; name = NativeAudioAsset.m; path = "cordova-plugin-nativeaudio/NativeAudioAsset.m"; sourceTree = "<group>"; };
		5EE28084D37A4C2599F90CA2 /* StreamingMedia.m */ = {isa = PBXFileReference; explicitFileType = undefined; fileEncoding = 4; includeInIndex = 0; lastKnownFileType = sourcecode.c.objc; name = StreamingMedia.m; path = com.hutchind.cordova.plugins.streamingmedia/StreamingMedia.m; sourceTree = "<group>"; };
		61245153B9EC47EC9D5460D7 /* CDVStatusBar.m */ = {isa = PBXFileReference; explicitFileType = undefined; fileEncoding = 4; includeInIndex = 0; lastKnownFileType = sourcecode.c.objc; name = CDVStatusBar.m; path = "cordova-plugin-statusbar/CDVStatusBar.m"; sourceTree = "<group>"; };
		659463C29A484580ADF84CDE /* GCDWebServerFunctions.h */ = {isa = PBXFileReference; explicitFileType = undefined; fileEncoding = 4; includeInIndex = 0; lastKnownFileType = sourcecode.c.h; name = GCDWebServerFunctions.h; path = "cordova-plugin-ionic-webview/GCDWebServerFunctions.h"; sourceTree = "<group>"; };
		65BDEC52F29641E2AA25512B /* AFURLSessionManager.m */ = {isa = PBXFileReference; explicitFileType = undefined; fileEncoding = 4; includeInIndex = 0; lastKnownFileType = sourcecode.c.objc; name = AFURLSessionManager.m; path = "cordova-plugin-advanced-http/AFURLSessionManager.m"; sourceTree = "<group>"; };
		660C66CF8D104C0587519D0A /* SpeechRecognition.m */ = {isa = PBXFileReference; explicitFileType = undefined; fileEncoding = 4; includeInIndex = 0; lastKnownFileType = sourcecode.c.objc; name = SpeechRecognition.m; path = "cordova-plugin-speechrecognition/SpeechRecognition.m"; sourceTree = "<group>"; };
		6AFF5BF81D6E424B00AB3073 /* CDVLaunchScreen.storyboard */ = {isa = PBXFileReference; fileEncoding = 4; lastKnownFileType = file.storyboard; name = CDVLaunchScreen.storyboard; path = MarketBot/CDVLaunchScreen.storyboard; sourceTree = SOURCE_ROOT; };
		6B0F0D1648BB442CB6FD386D /* GCDWebServerMultiPartFormRequest.m */ = {isa = PBXFileReference; explicitFileType = undefined; fileEncoding = 4; includeInIndex = 0; lastKnownFileType = sourcecode.c.objc; name = GCDWebServerMultiPartFormRequest.m; path = "cordova-plugin-ionic-webview/GCDWebServerMultiPartFormRequest.m"; sourceTree = "<group>"; };
		6BA91EE61B6F478EB8835A1C /* GCDWebServerMultiPartFormRequest.h */ = {isa = PBXFileReference; explicitFileType = undefined; fileEncoding = 4; includeInIndex = 0; lastKnownFileType = sourcecode.c.h; name = GCDWebServerMultiPartFormRequest.h; path = "cordova-plugin-ionic-webview/GCDWebServerMultiPartFormRequest.h"; sourceTree = "<group>"; };
		6E7B2DB1B02149DBB6C062E1 /* TextResponseSerializer.m */ = {isa = PBXFileReference; explicitFileType = undefined; fileEncoding = 4; includeInIndex = 0; lastKnownFileType = sourcecode.c.objc; name = TextResponseSerializer.m; path = "cordova-plugin-advanced-http/TextResponseSerializer.m"; sourceTree = "<group>"; };
		7225E495A1BD4C45816645D8 /* GCDWebServerDataRequest.m */ = {isa = PBXFileReference; explicitFileType = undefined; fileEncoding = 4; includeInIndex = 0; lastKnownFileType = sourcecode.c.objc; name = GCDWebServerDataRequest.m; path = "cordova-plugin-ionic-webview/GCDWebServerDataRequest.m"; sourceTree = "<group>"; };
		7296F2F93FFA4337BFA5CF92 /* GCDWebServerErrorResponse.h */ = {isa = PBXFileReference; explicitFileType = undefined; fileEncoding = 4; includeInIndex = 0; lastKnownFileType = sourcecode.c.h; name = GCDWebServerErrorResponse.h; path = "cordova-plugin-ionic-webview/GCDWebServerErrorResponse.h"; sourceTree = "<group>"; };
		752610E3D0DD4D9F8E6D7ADF /* CDVFileTransfer.m */ = {isa = PBXFileReference; explicitFileType = undefined; fileEncoding = 4; includeInIndex = 0; lastKnownFileType = sourcecode.c.objc; name = CDVFileTransfer.m; path = "cordova-plugin-file-transfer/CDVFileTransfer.m"; sourceTree = "<group>"; };
		7540CF24357448DD9793D02E /* AFSecurityPolicy.h */ = {isa = PBXFileReference; explicitFileType = undefined; fileEncoding = 4; includeInIndex = 0; lastKnownFileType = sourcecode.c.h; name = AFSecurityPolicy.h; path = "cordova-plugin-advanced-http/AFSecurityPolicy.h"; sourceTree = "<group>"; };
		76B8FC4541F145FFBF6C9123 /* CDVWKWebViewEngine.h */ = {isa = PBXFileReference; explicitFileType = undefined; fileEncoding = 4; includeInIndex = 0; lastKnownFileType = sourcecode.c.h; name = CDVWKWebViewEngine.h; path = "cordova-plugin-ionic-webview/CDVWKWebViewEngine.h"; sourceTree = "<group>"; };
		77AE5C1208B84F7FAD65E4AE /* CDVFile.h */ = {isa = PBXFileReference; explicitFileType = undefined; fileEncoding = 4; includeInIndex = 0; lastKnownFileType = sourcecode.c.h; name = CDVFile.h; path = "cordova-plugin-file/CDVFile.h"; sourceTree = "<group>"; };
		77D556210A484387976A2DFE /* AFNetworking.h */ = {isa = PBXFileReference; explicitFileType = undefined; fileEncoding = 4; includeInIndex = 0; lastKnownFileType = sourcecode.c.h; name = AFNetworking.h; path = "cordova-plugin-advanced-http/AFNetworking.h"; sourceTree = "<group>"; };
		7B21AAEEAB764E248D900360 /* sqlite3.c */ = {isa = PBXFileReference; explicitFileType = undefined; fileEncoding = 9; includeInIndex = 0; lastKnownFileType = unknown; name = sqlite3.c; path = "cordova-sqlite-storage/sqlite3.c"; sourceTree = "<group>"; };
		7B34CA98C912467EB5BECB4A /* GCDWebServerConnection.m */ = {isa = PBXFileReference; explicitFileType = undefined; fileEncoding = 4; includeInIndex = 0; lastKnownFileType = sourcecode.c.objc; name = GCDWebServerConnection.m; path = "cordova-plugin-ionic-webview/GCDWebServerConnection.m"; sourceTree = "<group>"; };
		814E61FF0B24435B9B82CC6A /* CDVWKProcessPoolFactory.h */ = {isa = PBXFileReference; explicitFileType = undefined; fileEncoding = 4; includeInIndex = 0; lastKnownFileType = sourcecode.c.h; name = CDVWKProcessPoolFactory.h; path = "cordova-plugin-ionic-webview/CDVWKProcessPoolFactory.h"; sourceTree = "<group>"; };
		82EF455AB00B4CAEB083EF45 /* GCDWebServerFileRequest.m */ = {isa = PBXFileReference; explicitFileType = undefined; fileEncoding = 4; includeInIndex = 0; lastKnownFileType = sourcecode.c.objc; name = GCDWebServerFileRequest.m; path = "cordova-plugin-ionic-webview/GCDWebServerFileRequest.m"; sourceTree = "<group>"; };
		871E4D7F27BD4C4A931EA9EE /* AFNetworkReachabilityManager.m */ = {isa = PBXFileReference; explicitFileType = undefined; fileEncoding = 4; includeInIndex = 0; lastKnownFileType = sourcecode.c.objc; name = AFNetworkReachabilityManager.m; path = "cordova-plugin-advanced-http/AFNetworkReachabilityManager.m"; sourceTree = "<group>"; };
		889D96CF993A43D28876753D /* SDNetworkActivityIndicator.h */ = {isa = PBXFileReference; explicitFileType = undefined; fileEncoding = 4; includeInIndex = 0; lastKnownFileType = sourcecode.c.h; name = SDNetworkActivityIndicator.h; path = "cordova-plugin-advanced-http/SDNetworkActivityIndicator.h"; sourceTree = "<group>"; };
		8935464737874D78A05245BC /* GCDWebServer.m */ = {isa = PBXFileReference; explicitFileType = undefined; fileEncoding = 4; includeInIndex = 0; lastKnownFileType = sourcecode.c.objc; name = GCDWebServer.m; path = "cordova-plugin-ionic-webview/GCDWebServer.m"; sourceTree = "<group>"; };
		893FE7E3CBC544E7AF098574 /* SpeechRecognition.h */ = {isa = PBXFileReference; explicitFileType = undefined; fileEncoding = 4; includeInIndex = 0; lastKnownFileType = sourcecode.c.h; name = SpeechRecognition.h; path = "cordova-plugin-speechrecognition/SpeechRecognition.h"; sourceTree = "<group>"; };
		8AF429649C1A4396863F4693 /* sqlite3.h */ = {isa = PBXFileReference; explicitFileType = undefined; fileEncoding = 4; includeInIndex = 0; lastKnownFileType = sourcecode.c.h; name = sqlite3.h; path = "cordova-sqlite-storage/sqlite3.h"; sourceTree = "<group>"; };
		8CB20C625CFD4AD493056E5D /* AFURLSessionManager.h */ = {isa = PBXFileReference; explicitFileType = undefined; fileEncoding = 4; includeInIndex = 0; lastKnownFileType = sourcecode.c.h; name = AFURLSessionManager.h; path = "cordova-plugin-advanced-http/AFURLSessionManager.h"; sourceTree = "<group>"; };
		8D1107310486CEB800E47090 /* MarketBot-Info.plist */ = {isa = PBXFileReference; fileEncoding = 4; lastKnownFileType = text.plist.xml; name = "MarketBot-Info.plist"; path = "MarketBot/MarketBot-Info.plist"; plistStructureDefinitionIdentifier = "com.apple.xcode.plist.structure-definition.iphone.info-plist"; sourceTree = SOURCE_ROOT; };
		8FB1CFFF228A46C6BECCA490 /* GCDWebServerFunctions.m */ = {isa = PBXFileReference; explicitFileType = undefined; fileEncoding = 4; includeInIndex = 0; lastKnownFileType = sourcecode.c.objc; name = GCDWebServerFunctions.m; path = "cordova-plugin-ionic-webview/GCDWebServerFunctions.m"; sourceTree = "<group>"; };
		93D121FA5C3B49149AC1AFEF /* GCDWebServerURLEncodedFormRequest.h */ = {isa = PBXFileReference; explicitFileType = undefined; fileEncoding = 4; includeInIndex = 0; lastKnownFileType = sourcecode.c.h; name = GCDWebServerURLEncodedFormRequest.h; path = "cordova-plugin-ionic-webview/GCDWebServerURLEncodedFormRequest.h"; sourceTree = "<group>"; };
		956AA11CACD2462491AB4ECC /* SDNetworkActivityIndicator.m */ = {isa = PBXFileReference; explicitFileType = undefined; fileEncoding = 4; includeInIndex = 0; lastKnownFileType = sourcecode.c.objc; name = SDNetworkActivityIndicator.m; path = "cordova-plugin-advanced-http/SDNetworkActivityIndicator.m"; sourceTree = "<group>"; };
		97AA10E87996457CB494997F /* CDVOrientation.h */ = {isa = PBXFileReference; explicitFileType = undefined; fileEncoding = 4; includeInIndex = 0; lastKnownFileType = sourcecode.c.h; name = CDVOrientation.h; path = "cordova-plugin-screen-orientation/CDVOrientation.h"; sourceTree = "<group>"; };
		9B23FE76ECCA4C8F8283D5FD /* APPBackgroundMode.m */ = {isa = PBXFileReference; explicitFileType = undefined; fileEncoding = 4; includeInIndex = 0; lastKnownFileType = sourcecode.c.objc; name = APPBackgroundMode.m; path = "cordova-plugin-background-mode/APPBackgroundMode.m"; sourceTree = "<group>"; };
		9B42FF855256420286A99F48 /* GCDWebServerURLEncodedFormRequest.m */ = {isa = PBXFileReference; explicitFileType = undefined; fileEncoding = 4; includeInIndex = 0; lastKnownFileType = sourcecode.c.objc; name = GCDWebServerURLEncodedFormRequest.m; path = "cordova-plugin-ionic-webview/GCDWebServerURLEncodedFormRequest.m"; sourceTree = "<group>"; };
		9E08A3A02A7048648567468A /* AFHTTPSessionManager.h */ = {isa = PBXFileReference; explicitFileType = undefined; fileEncoding = 4; includeInIndex = 0; lastKnownFileType = sourcecode.c.h; name = AFHTTPSessionManager.h; path = "cordova-plugin-advanced-http/AFHTTPSessionManager.h"; sourceTree = "<group>"; };
		9FE09580F04F49D28DA6C161 /* CDVDevice.m */ = {isa = PBXFileReference; explicitFileType = undefined; fileEncoding = 4; includeInIndex = 0; lastKnownFileType = sourcecode.c.objc; name = CDVDevice.m; path = "cordova-plugin-device/CDVDevice.m"; sourceTree = "<group>"; };
		A070A0E8B26643E5A274304D /* CDVLocalFilesystem.h */ = {isa = PBXFileReference; explicitFileType = undefined; fileEncoding = 4; includeInIndex = 0; lastKnownFileType = sourcecode.c.h; name = CDVLocalFilesystem.h; path = "cordova-plugin-file/CDVLocalFilesystem.h"; sourceTree = "<group>"; };
		A26A877E6D91439094EF0836 /* UICKeyChainStore.m */ = {isa = PBXFileReference; explicitFileType = undefined; fileEncoding = 4; includeInIndex = 0; lastKnownFileType = sourcecode.c.objc; name = UICKeyChainStore.m; path = "cordova-plugin-uniquedeviceid/UICKeyChainStore.m"; sourceTree = "<group>"; };
		A958291517C84EA8BF0BCDA2 /* AFURLRequestSerialization.h */ = {isa = PBXFileReference; explicitFileType = undefined; fileEncoding = 4; includeInIndex = 0; lastKnownFileType = sourcecode.c.h; name = AFURLRequestSerialization.h; path = "cordova-plugin-advanced-http/AFURLRequestSerialization.h"; sourceTree = "<group>"; };
		AE95A60BCCB24114AA9418DB /* GCDWebServerRequest.h */ = {isa = PBXFileReference; explicitFileType = undefined; fileEncoding = 4; includeInIndex = 0; lastKnownFileType = sourcecode.c.h; name = GCDWebServerRequest.h; path = "cordova-plugin-ionic-webview/GCDWebServerRequest.h"; sourceTree = "<group>"; };
		AF51B8A328D742978253C364 /* CDVDevice.h */ = {isa = PBXFileReference; explicitFileType = undefined; fileEncoding = 4; includeInIndex = 0; lastKnownFileType = sourcecode.c.h; name = CDVDevice.h; path = "cordova-plugin-device/CDVDevice.h"; sourceTree = "<group>"; };
		B371BB8340594FABA3964440 /* GCDWebServerConnection.h */ = {isa = PBXFileReference; explicitFileType = undefined; fileEncoding = 4; includeInIndex = 0; lastKnownFileType = sourcecode.c.h; name = GCDWebServerConnection.h; path = "cordova-plugin-ionic-webview/GCDWebServerConnection.h"; sourceTree = "<group>"; };
		B3AA7583BDF841AB94E8DA8C /* CDVWKWebViewEngine.m */ = {isa = PBXFileReference; explicitFileType = undefined; fileEncoding = 4; includeInIndex = 0; lastKnownFileType = sourcecode.c.objc; name = CDVWKWebViewEngine.m; path = "cordova-plugin-ionic-webview/CDVWKWebViewEngine.m"; sourceTree = "<group>"; };
		B4082E04BBBB417F8D68EC1A /* GCDWebServerResponse.m */ = {isa = PBXFileReference; explicitFileType = undefined; fileEncoding = 4; includeInIndex = 0; lastKnownFileType = sourcecode.c.objc; name = GCDWebServerResponse.m; path = "cordova-plugin-ionic-webview/GCDWebServerResponse.m"; sourceTree = "<group>"; };
		B4169B3ACA1345679FFEDED0 /* CDVAssetLibraryFilesystem.h */ = {isa = PBXFileReference; explicitFileType = undefined; fileEncoding = 4; includeInIndex = 0; lastKnownFileType = sourcecode.c.h; name = CDVAssetLibraryFilesystem.h; path = "cordova-plugin-file/CDVAssetLibraryFilesystem.h"; sourceTree = "<group>"; };
		B99442CE73CF460EB89D838E /* GCDWebServerPrivate.h */ = {isa = PBXFileReference; explicitFileType = undefined; fileEncoding = 4; includeInIndex = 0; lastKnownFileType = sourcecode.c.h; name = GCDWebServerPrivate.h; path = "cordova-plugin-ionic-webview/GCDWebServerPrivate.h"; sourceTree = "<group>"; };
		BD918C8E9DA74361B9DD1E5D /* CDVWKWebViewUIDelegate.m */ = {isa = PBXFileReference; explicitFileType = undefined; fileEncoding = 4; includeInIndex = 0; lastKnownFileType = sourcecode.c.objc; name = CDVWKWebViewUIDelegate.m; path = "cordova-plugin-ionic-webview/CDVWKWebViewUIDelegate.m"; sourceTree = "<group>"; };
		BF0F13260FC041859F237FDD /* CDVStatusBar.h */ = {isa = PBXFileReference; explicitFileType = undefined; fileEncoding = 4; includeInIndex = 0; lastKnownFileType = sourcecode.c.h; name = CDVStatusBar.h; path = "cordova-plugin-statusbar/CDVStatusBar.h"; sourceTree = "<group>"; };
		BF6F08F0A2E645159113C817 /* APPBackgroundMode.h */ = {isa = PBXFileReference; explicitFileType = undefined; fileEncoding = 4; includeInIndex = 0; lastKnownFileType = sourcecode.c.h; name = APPBackgroundMode.h; path = "cordova-plugin-background-mode/APPBackgroundMode.h"; sourceTree = "<group>"; };
		C009946184E74DF7B1656D9B /* TextRequestSerializer.m */ = {isa = PBXFileReference; explicitFileType = undefined; fileEncoding = 4; includeInIndex = 0; lastKnownFileType = sourcecode.c.objc; name = TextRequestSerializer.m; path = "cordova-plugin-advanced-http/TextRequestSerializer.m"; sourceTree = "<group>"; };
		C1C27F3F14B84F3B8D71B3C5 /* Security.framework */ = {isa = PBXFileReference; explicitFileType = undefined; fileEncoding = 9; includeInIndex = 0; lastKnownFileType = wrapper.framework; name = Security.framework; path = System/Library/Frameworks/Security.framework; sourceTree = SDKROOT; };
		C3800498142F40AE8F30C1A7 /* CDVSound.m */ = {isa = PBXFileReference; explicitFileType = undefined; fileEncoding = 4; includeInIndex = 0; lastKnownFileType = sourcecode.c.objc; name = CDVSound.m; path = "cordova-plugin-media/CDVSound.m"; sourceTree = "<group>"; };
		C8B4A6F2A24C4CA49FF76F26 /* GCDWebServer.h */ = {isa = PBXFileReference; explicitFileType = undefined; fileEncoding = 4; includeInIndex = 0; lastKnownFileType = sourcecode.c.h; name = GCDWebServer.h; path = "cordova-plugin-ionic-webview/GCDWebServer.h"; sourceTree = "<group>"; };
		CA3915B8C2F84E81AA4804DB /* SQLitePlugin.h */ = {isa = PBXFileReference; explicitFileType = undefined; fileEncoding = 4; includeInIndex = 0; lastKnownFileType = sourcecode.c.h; name = SQLitePlugin.h; path = "cordova-sqlite-storage/SQLitePlugin.h"; sourceTree = "<group>"; };
		CA8B5C281E0F4F7DA54A9887 /* CDVViewController+SplashScreen.m */ = {isa = PBXFileReference; explicitFileType = undefined; fileEncoding = 4; includeInIndex = 0; lastKnownFileType = sourcecode.c.objc; name = "CDVViewController+SplashScreen.m"; path = "cordova-plugin-splashscreen/CDVViewController+SplashScreen.m"; sourceTree = "<group>"; };
		D0950E213EA6461CAB903E13 /* CDVSound.h */ = {isa = PBXFileReference; explicitFileType = undefined; fileEncoding = 4; includeInIndex = 0; lastKnownFileType = sourcecode.c.h; name = CDVSound.h; path = "cordova-plugin-media/CDVSound.h"; sourceTree = "<group>"; };
		D1F9A3D32CB246908234430C /* TextRequestSerializer.h */ = {isa = PBXFileReference; explicitFileType = undefined; fileEncoding = 4; includeInIndex = 0; lastKnownFileType = sourcecode.c.h; name = TextRequestSerializer.h; path = "cordova-plugin-advanced-http/TextRequestSerializer.h"; sourceTree = "<group>"; };
		D57ABE8D4A924CF69D09A522 /* CDVTTS.m */ = {isa = PBXFileReference; explicitFileType = undefined; fileEncoding = 4; includeInIndex = 0; lastKnownFileType = sourcecode.c.objc; name = CDVTTS.m; path = "cordova-plugin-tts/CDVTTS.m"; sourceTree = "<group>"; };
		D63F02118DBB4AAAB0309942 /* CDVUniqueDeviceID.h */ = {isa = PBXFileReference; explicitFileType = undefined; fileEncoding = 4; includeInIndex = 0; lastKnownFileType = sourcecode.c.h; name = CDVUniqueDeviceID.h; path = "cordova-plugin-uniquedeviceid/CDVUniqueDeviceID.h"; sourceTree = "<group>"; };
		D7A7C1160E164D62ACE498B7 /* CDVReachability.h */ = {isa = PBXFileReference; explicitFileType = undefined; fileEncoding = 4; includeInIndex = 0; lastKnownFileType = sourcecode.c.h; name = CDVReachability.h; path = "cordova-plugin-network-information/CDVReachability.h"; sourceTree = "<group>"; };
		DB64B26247E64CD49A1BFBEB /* GCDWebServerHTTPStatusCodes.h */ = {isa = PBXFileReference; explicitFileType = undefined; fileEncoding = 4; includeInIndex = 0; lastKnownFileType = sourcecode.c.h; name = GCDWebServerHTTPStatusCodes.h; path = "cordova-plugin-ionic-webview/GCDWebServerHTTPStatusCodes.h"; sourceTree = "<group>"; };
		DE5714A3C75F4EBFB907DA87 /* CDVSplashScreen.h */ = {isa = PBXFileReference; explicitFileType = undefined; fileEncoding = 4; includeInIndex = 0; lastKnownFileType = sourcecode.c.h; name = CDVSplashScreen.h; path = "cordova-plugin-splashscreen/CDVSplashScreen.h"; sourceTree = "<group>"; };
		DF03F2C6A563474D8583EFD7 /* SystemConfiguration.framework */ = {isa = PBXFileReference; explicitFileType = undefined; fileEncoding = 9; includeInIndex = 0; lastKnownFileType = wrapper.framework; name = SystemConfiguration.framework; path = System/Library/Frameworks/SystemConfiguration.framework; sourceTree = SDKROOT; };
		DF6D8F3F8F4A4E6FA79B0A4A /* CDVAssetLibraryFilesystem.m */ = {isa = PBXFileReference; explicitFileType = undefined; fileEncoding = 4; includeInIndex = 0; lastKnownFileType = sourcecode.c.objc; name = CDVAssetLibraryFilesystem.m; path = "cordova-plugin-file/CDVAssetLibraryFilesystem.m"; sourceTree = "<group>"; };
		EA03D86F7AC244E6AE20084A /* NativeAudioAsset.h */ = {isa = PBXFileReference; explicitFileType = undefined; fileEncoding = 4; includeInIndex = 0; lastKnownFileType = sourcecode.c.h; name = NativeAudioAsset.h; path = "cordova-plugin-nativeaudio/NativeAudioAsset.h"; sourceTree = "<group>"; };
		EB87FDF31871DA8E0020F90C /* www */ = {isa = PBXFileReference; lastKnownFileType = folder; name = www; path = ../../www; sourceTree = "<group>"; };
		EB87FDF41871DAF40020F90C /* config.xml */ = {isa = PBXFileReference; lastKnownFileType = text.xml; name = config.xml; path = ../../config.xml; sourceTree = "<group>"; };
		EC4BBD1ABCB64D2896ABFECC /* GCDWebServerDataRequest.h */ = {isa = PBXFileReference; explicitFileType = undefined; fileEncoding = 4; includeInIndex = 0; lastKnownFileType = sourcecode.c.h; name = GCDWebServerDataRequest.h; path = "cordova-plugin-ionic-webview/GCDWebServerDataRequest.h"; sourceTree = "<group>"; };
		ECDC79526AE74EA5B370AD4F /* AFSecurityPolicy.m */ = {isa = PBXFileReference; explicitFileType = undefined; fileEncoding = 4; includeInIndex = 0; lastKnownFileType = sourcecode.c.objc; name = AFSecurityPolicy.m; path = "cordova-plugin-advanced-http/AFSecurityPolicy.m"; sourceTree = "<group>"; };
		ED33DF2A687741AEAF9F8254 /* Bridging-Header.h */ = {isa = PBXFileReference; fileEncoding = 4; lastKnownFileType = sourcecode.c.h; path = "Bridging-Header.h"; sourceTree = "<group>"; };
		EDCBB5D29BA8457B8250D444 /* AudioToolbox.framework */ = {isa = PBXFileReference; explicitFileType = undefined; fileEncoding = 9; includeInIndex = 0; lastKnownFileType = wrapper.framework; name = AudioToolbox.framework; path = System/Library/Frameworks/AudioToolbox.framework; sourceTree = SDKROOT; };
		EEE4CF1E99304F92B3DFE6E7 /* AFURLResponseSerialization.m */ = {isa = PBXFileReference; explicitFileType = undefined; fileEncoding = 4; includeInIndex = 0; lastKnownFileType = sourcecode.c.objc; name = AFURLResponseSerialization.m; path = "cordova-plugin-advanced-http/AFURLResponseSerialization.m"; sourceTree = "<group>"; };
		F3543AFBAAF44073BB043001 /* NativeAudio.m */ = {isa = PBXFileReference; explicitFileType = undefined; fileEncoding = 4; includeInIndex = 0; lastKnownFileType = sourcecode.c.objc; name = NativeAudio.m; path = "cordova-plugin-nativeaudio/NativeAudio.m"; sourceTree = "<group>"; };
		F388859A9FF04A44AEABCBCE /* CoreTelephony.framework */ = {isa = PBXFileReference; explicitFileType = undefined; fileEncoding = 9; includeInIndex = 0; lastKnownFileType = wrapper.framework; name = CoreTelephony.framework; path = System/Library/Frameworks/CoreTelephony.framework; sourceTree = SDKROOT; };
		F39C72445E8044E58923357B /* AFNetworkReachabilityManager.h */ = {isa = PBXFileReference; explicitFileType = undefined; fileEncoding = 4; includeInIndex = 0; lastKnownFileType = sourcecode.c.h; name = AFNetworkReachabilityManager.h; path = "cordova-plugin-advanced-http/AFNetworkReachabilityManager.h"; sourceTree = "<group>"; };
		F6718584D13B408C8B7C4D69 /* libz.tbd */ = {isa = PBXFileReference; explicitFileType = undefined; fileEncoding = 9; includeInIndex = 0; lastKnownFileType = "sourcecode.text-based-dylib-definition"; name = libz.tbd; path = usr/lib/libz.tbd; sourceTree = SDKROOT; };
		F675403C6EFE48DFBAC8A71B /* CDVUniqueDeviceID.m */ = {isa = PBXFileReference; explicitFileType = undefined; fileEncoding = 4; includeInIndex = 0; lastKnownFileType = sourcecode.c.objc; name = CDVUniqueDeviceID.m; path = "cordova-plugin-uniquedeviceid/CDVUniqueDeviceID.m"; sourceTree = "<group>"; };
		F6C8918232364CBBA97704DB /* GCDWebServerFileResponse.h */ = {isa = PBXFileReference; explicitFileType = undefined; fileEncoding = 4; includeInIndex = 0; lastKnownFileType = sourcecode.c.h; name = GCDWebServerFileResponse.h; path = "cordova-plugin-ionic-webview/GCDWebServerFileResponse.h"; sourceTree = "<group>"; };
		F7AE9BFF29FF4C55BE3DB301 /* AFURLRequestSerialization.m */ = {isa = PBXFileReference; explicitFileType = undefined; fileEncoding = 4; includeInIndex = 0; lastKnownFileType = sourcecode.c.objc; name = AFURLRequestSerialization.m; path = "cordova-plugin-advanced-http/AFURLRequestSerialization.m"; sourceTree = "<group>"; };
		F82FE4AC28B74D6EBC857282 /* CDVFile.m */ = {isa = PBXFileReference; explicitFileType = undefined; fileEncoding = 4; includeInIndex = 0; lastKnownFileType = sourcecode.c.objc; name = CDVFile.m; path = "cordova-plugin-file/CDVFile.m"; sourceTree = "<group>"; };
		F840E1F0165FE0F500CFE078 /* config.xml */ = {isa = PBXFileReference; lastKnownFileType = text.xml; name = config.xml; path = MarketBot/config.xml; sourceTree = "<group>"; };
		F99C483AE550412395AE611A /* AVFoundation.framework */ = {isa = PBXFileReference; explicitFileType = undefined; fileEncoding = 9; includeInIndex = 0; lastKnownFileType = wrapper.framework; name = AVFoundation.framework; path = System/Library/Frameworks/AVFoundation.framework; sourceTree = SDKROOT; };
		F9E58CBA8E8D4FDB8EBE2D63 /* CDVTTS.h */ = {isa = PBXFileReference; explicitFileType = undefined; fileEncoding = 4; includeInIndex = 0; lastKnownFileType = sourcecode.c.h; name = CDVTTS.h; path = "cordova-plugin-tts/CDVTTS.h"; sourceTree = "<group>"; };
		FA9039218BE64A12B781FCE6 /* StreamingMedia.h */ = {isa = PBXFileReference; explicitFileType = undefined; fileEncoding = 4; includeInIndex = 0; lastKnownFileType = sourcecode.c.h; name = StreamingMedia.h; path = com.hutchind.cordova.plugins.streamingmedia/StreamingMedia.h; sourceTree = "<group>"; };
		FB28B40F825C4745A4084965 /* CDVViewController+SplashScreen.h */ = {isa = PBXFileReference; explicitFileType = undefined; fileEncoding = 4; includeInIndex = 0; lastKnownFileType = sourcecode.c.h; name = "CDVViewController+SplashScreen.h"; path = "cordova-plugin-splashscreen/CDVViewController+SplashScreen.h"; sourceTree = "<group>"; };
		FB6D6CC126774DECA9D42382 /* GCDWebServerRequest.m */ = {isa = PBXFileReference; explicitFileType = undefined; fileEncoding = 4; includeInIndex = 0; lastKnownFileType = sourcecode.c.objc; name = GCDWebServerRequest.m; path = "cordova-plugin-ionic-webview/GCDWebServerRequest.m"; sourceTree = "<group>"; };
		FC8B1CF3CF344462B016AE86 /* CDVReachability.m */ = {isa = PBXFileReference; explicitFileType = undefined; fileEncoding = 4; includeInIndex = 0; lastKnownFileType = sourcecode.c.objc; name = CDVReachability.m; path = "cordova-plugin-network-information/CDVReachability.m"; sourceTree = "<group>"; };
/* End PBXFileReference section */

/* Begin PBXFrameworksBuildPhase section */
		1D60588F0D05DD3D006BFB54 /* Frameworks */ = {
			isa = PBXFrameworksBuildPhase;
			buildActionMask = 2147483647;
			files = (
				301BF552109A68D80062928A /* libCordova.a in Frameworks */,
				2B93C0B97EE9447692BE8C8E /* MediaPlayer.framework in Frameworks */,
				3162DF7E672F4829AC116960 /* Security.framework in Frameworks */,
				7494C6A3114546CF9E8173AD /* SystemConfiguration.framework in Frameworks */,
				8039494CCFCC4A25ACF2E30F /* libz.tbd in Frameworks */,
				EA8D3F7DFF5847718270D8EE /* WebKit.framework in Frameworks */,
				740A811870564549BB680D53 /* Foundation.framework in Frameworks */,
				D2FAB5B3AE40442092545DAA /* AVFoundation.framework in Frameworks */,
				2B4D272DC9E34E69AC86678C /* AudioToolbox.framework in Frameworks */,
				6EC83B13E02E4907BED9A156 /* CoreTelephony.framework in Frameworks */,
				79B4D7D16DF244EF8C1551B3 /* Speech.framework in Frameworks */,
			);
			runOnlyForDeploymentPostprocessing = 0;
		};
/* End PBXFrameworksBuildPhase section */

/* Begin PBXGroup section */
		080E96DDFE201D6D7F000001 /* Classes */ = {
			isa = PBXGroup;
			children = (
				302D95EE14D2391D003F00A1 /* MainViewController.h */,
				302D95EF14D2391D003F00A1 /* MainViewController.m */,
				302D95F014D2391D003F00A1 /* MainViewController.xib */,
				1D3623240D0F684500981E51 /* AppDelegate.h */,
				1D3623250D0F684500981E51 /* AppDelegate.m */,
			);
			name = Classes;
			path = MarketBot/Classes;
			sourceTree = SOURCE_ROOT;
		};
		19C28FACFE9D520D11CA2CBB /* Products */ = {
			isa = PBXGroup;
			children = (
				1D6058910D05DD3D006BFB54 /* MarketBot.app */,
			);
			name = Products;
			sourceTree = "<group>";
		};
		29B97314FDCFA39411CA2CEA /* CustomTemplate */ = {
			isa = PBXGroup;
			children = (
				EB87FDF41871DAF40020F90C /* config.xml */,
				EB87FDF31871DA8E0020F90C /* www */,
				EB87FDF11871DA420020F90C /* Staging */,
				301BF52D109A57CC0062928A /* CordovaLib/CordovaLib.xcodeproj */,
				080E96DDFE201D6D7F000001 /* Classes */,
				307C750510C5A3420062BCA9 /* Plugins */,
				29B97315FDCFA39411CA2CEA /* Other Sources */,
				29B97317FDCFA39411CA2CEA /* Resources */,
				29B97323FDCFA39411CA2CEA /* Frameworks */,
				19C28FACFE9D520D11CA2CBB /* Products */,
			);
			name = CustomTemplate;
			sourceTree = "<group>";
		};
		29B97315FDCFA39411CA2CEA /* Other Sources */ = {
			isa = PBXGroup;
			children = (
				32CA4F630368D1EE00C91783 /* MarketBot-Prefix.pch */,
				29B97316FDCFA39411CA2CEA /* main.m */,
				ED33DF2A687741AEAF9F8254 /* Bridging-Header.h */,
			);
			name = "Other Sources";
			path = MarketBot;
			sourceTree = "<group>";
		};
		29B97317FDCFA39411CA2CEA /* Resources */ = {
			isa = PBXGroup;
			children = (
				0207DA571B56EA530066E2B4 /* Images.xcassets */,
				3047A50E1AB8057F00498E2A /* config */,
				8D1107310486CEB800E47090 /* MarketBot-Info.plist */,
				6AFF5BF81D6E424B00AB3073 /* CDVLaunchScreen.storyboard */,
				59EFD8C075784583BE856EFD /* appbeep.wav */,
			);
			name = Resources;
			path = MarketBot/Resources;
			sourceTree = "<group>";
		};
		29B97323FDCFA39411CA2CEA /* Frameworks */ = {
			isa = PBXGroup;
			children = (
				28653D7034314EA1AFD612B1 /* MediaPlayer.framework */,
				C1C27F3F14B84F3B8D71B3C5 /* Security.framework */,
				DF03F2C6A563474D8583EFD7 /* SystemConfiguration.framework */,
				F6718584D13B408C8B7C4D69 /* libz.tbd */,
				4DE71F4034794FFCAA656C73 /* WebKit.framework */,
				0F736956105044E5AC4CF410 /* Foundation.framework */,
				F99C483AE550412395AE611A /* AVFoundation.framework */,
				EDCBB5D29BA8457B8250D444 /* AudioToolbox.framework */,
				F388859A9FF04A44AEABCBCE /* CoreTelephony.framework */,
				378260835AA54DD497EA0F33 /* Speech.framework */,
			);
			name = Frameworks;
			sourceTree = "<group>";
		};
		301BF52E109A57CC0062928A /* Products */ = {
			isa = PBXGroup;
			children = (
				301BF535109A57CC0062928A /* libCordova.a */,
				3453D0D721488786000B883A /* Cordova.framework */,
			);
			name = Products;
			sourceTree = "<group>";
		};
		3047A50E1AB8057F00498E2A /* config */ = {
			isa = PBXGroup;
			children = (
				3047A50F1AB8059700498E2A /* build-debug.xcconfig */,
				3047A5101AB8059700498E2A /* build-release.xcconfig */,
				3047A5111AB8059700498E2A /* build.xcconfig */,
			);
			name = config;
			sourceTree = "<group>";
		};
		307C750510C5A3420062BCA9 /* Plugins */ = {
			isa = PBXGroup;
			children = (
				5EE28084D37A4C2599F90CA2 /* StreamingMedia.m */,
				FA9039218BE64A12B781FCE6 /* StreamingMedia.h */,
				F82FE4AC28B74D6EBC857282 /* CDVFile.m */,
				44304A1C441B4BAAAD2F51C1 /* CDVLocalFilesystem.m */,
				DF6D8F3F8F4A4E6FA79B0A4A /* CDVAssetLibraryFilesystem.m */,
				77AE5C1208B84F7FAD65E4AE /* CDVFile.h */,
				A070A0E8B26643E5A274304D /* CDVLocalFilesystem.h */,
				B4169B3ACA1345679FFEDED0 /* CDVAssetLibraryFilesystem.h */,
				140BA1C026FF4B568C75D67A /* CordovaHttpPlugin.m */,
				6E7B2DB1B02149DBB6C062E1 /* TextResponseSerializer.m */,
				C009946184E74DF7B1656D9B /* TextRequestSerializer.m */,
				378A78DE1A5A400A97401AE9 /* AFHTTPSessionManager.m */,
				871E4D7F27BD4C4A931EA9EE /* AFNetworkReachabilityManager.m */,
				ECDC79526AE74EA5B370AD4F /* AFSecurityPolicy.m */,
				F7AE9BFF29FF4C55BE3DB301 /* AFURLRequestSerialization.m */,
				EEE4CF1E99304F92B3DFE6E7 /* AFURLResponseSerialization.m */,
				65BDEC52F29641E2AA25512B /* AFURLSessionManager.m */,
				956AA11CACD2462491AB4ECC /* SDNetworkActivityIndicator.m */,
				26E7B2832EC74903BD952E74 /* CordovaHttpPlugin.h */,
				0E6BE4D03BB4447B80E4F466 /* TextResponseSerializer.h */,
				D1F9A3D32CB246908234430C /* TextRequestSerializer.h */,
				9E08A3A02A7048648567468A /* AFHTTPSessionManager.h */,
				77D556210A484387976A2DFE /* AFNetworking.h */,
				F39C72445E8044E58923357B /* AFNetworkReachabilityManager.h */,
				7540CF24357448DD9793D02E /* AFSecurityPolicy.h */,
				A958291517C84EA8BF0BCDA2 /* AFURLRequestSerialization.h */,
				4C6CB6AFC5934A5888D30786 /* AFURLResponseSerialization.h */,
				8CB20C625CFD4AD493056E5D /* AFURLSessionManager.h */,
				889D96CF993A43D28876753D /* SDNetworkActivityIndicator.h */,
				9FE09580F04F49D28DA6C161 /* CDVDevice.m */,
				AF51B8A328D742978253C364 /* CDVDevice.h */,
				9B23FE76ECCA4C8F8283D5FD /* APPBackgroundMode.m */,
				3D28FC65C12642D6915DAE22 /* APPMethodMagic.m */,
				BF6F08F0A2E645159113C817 /* APPBackgroundMode.h */,
				0659E9BAB9EC480F8C7BC853 /* APPMethodMagic.h */,
				752610E3D0DD4D9F8E6D7ADF /* CDVFileTransfer.m */,
				563A666A01FC41B9ABBDE973 /* CDVFileTransfer.h */,
				B3AA7583BDF841AB94E8DA8C /* CDVWKWebViewEngine.m */,
				BD918C8E9DA74361B9DD1E5D /* CDVWKWebViewUIDelegate.m */,
				24A541F6EDBF475ABE662D60 /* CDVWKProcessPoolFactory.m */,
				8935464737874D78A05245BC /* GCDWebServer.m */,
				7B34CA98C912467EB5BECB4A /* GCDWebServerConnection.m */,
				8FB1CFFF228A46C6BECCA490 /* GCDWebServerFunctions.m */,
				FB6D6CC126774DECA9D42382 /* GCDWebServerRequest.m */,
				B4082E04BBBB417F8D68EC1A /* GCDWebServerResponse.m */,
				7225E495A1BD4C45816645D8 /* GCDWebServerDataRequest.m */,
				82EF455AB00B4CAEB083EF45 /* GCDWebServerFileRequest.m */,
				6B0F0D1648BB442CB6FD386D /* GCDWebServerMultiPartFormRequest.m */,
				9B42FF855256420286A99F48 /* GCDWebServerURLEncodedFormRequest.m */,
				55787ED367184632B2BD950F /* GCDWebServerDataResponse.m */,
				4BF6F6C6969549388863C7BD /* GCDWebServerErrorResponse.m */,
				3355E8620C0242B499BD4EE7 /* GCDWebServerFileResponse.m */,
				27E7850C775D4F47BC5336BE /* GCDWebServerStreamedResponse.m */,
				76B8FC4541F145FFBF6C9123 /* CDVWKWebViewEngine.h */,
				19E2EA3B220D4ABE86B42724 /* CDVWKWebViewUIDelegate.h */,
				814E61FF0B24435B9B82CC6A /* CDVWKProcessPoolFactory.h */,
				C8B4A6F2A24C4CA49FF76F26 /* GCDWebServer.h */,
				B371BB8340594FABA3964440 /* GCDWebServerConnection.h */,
				659463C29A484580ADF84CDE /* GCDWebServerFunctions.h */,
				DB64B26247E64CD49A1BFBEB /* GCDWebServerHTTPStatusCodes.h */,
				B99442CE73CF460EB89D838E /* GCDWebServerPrivate.h */,
				AE95A60BCCB24114AA9418DB /* GCDWebServerRequest.h */,
				024FC4E9B87E406997EB06DA /* GCDWebServerResponse.h */,
				EC4BBD1ABCB64D2896ABFECC /* GCDWebServerDataRequest.h */,
				065301EACAE743CDBFFFA624 /* GCDWebServerFileRequest.h */,
				6BA91EE61B6F478EB8835A1C /* GCDWebServerMultiPartFormRequest.h */,
				93D121FA5C3B49149AC1AFEF /* GCDWebServerURLEncodedFormRequest.h */,
				500F17E0377E47E8A509027C /* GCDWebServerDataResponse.h */,
				7296F2F93FFA4337BFA5CF92 /* GCDWebServerErrorResponse.h */,
				F6C8918232364CBBA97704DB /* GCDWebServerFileResponse.h */,
				556A3447C2AA47A5884F9956 /* GCDWebServerStreamedResponse.h */,
				C3800498142F40AE8F30C1A7 /* CDVSound.m */,
				D0950E213EA6461CAB903E13 /* CDVSound.h */,
				F3543AFBAAF44073BB043001 /* NativeAudio.m */,
				5C8C5B1F09224BB9B193F0C2 /* NativeAudioAsset.m */,
				0645A147AE1B4C97B15CA953 /* NativeAudio.h */,
				EA03D86F7AC244E6AE20084A /* NativeAudioAsset.h */,
				3C355313EC7F4CD4AA900437 /* CDVConnection.m */,
				FC8B1CF3CF344462B016AE86 /* CDVReachability.m */,
				526BD1F92D40404B9734F85B /* CDVConnection.h */,
				D7A7C1160E164D62ACE498B7 /* CDVReachability.h */,
				4CADD89A57A84435AB19523F /* CDVOrientation.m */,
				97AA10E87996457CB494997F /* CDVOrientation.h */,
				660C66CF8D104C0587519D0A /* SpeechRecognition.m */,
				893FE7E3CBC544E7AF098574 /* SpeechRecognition.h */,
				1FB7C749C9D747B98C000AD9 /* CDVSplashScreen.m */,
				CA8B5C281E0F4F7DA54A9887 /* CDVViewController+SplashScreen.m */,
				DE5714A3C75F4EBFB907DA87 /* CDVSplashScreen.h */,
				FB28B40F825C4745A4084965 /* CDVViewController+SplashScreen.h */,
				61245153B9EC47EC9D5460D7 /* CDVStatusBar.m */,
				BF0F13260FC041859F237FDD /* CDVStatusBar.h */,
				D57ABE8D4A924CF69D09A522 /* CDVTTS.m */,
				F9E58CBA8E8D4FDB8EBE2D63 /* CDVTTS.h */,
				A26A877E6D91439094EF0836 /* UICKeyChainStore.m */,
				F675403C6EFE48DFBAC8A71B /* CDVUniqueDeviceID.m */,
				399241C570DC417290E6A9D5 /* UICKeyChainStore.h */,
				D63F02118DBB4AAAB0309942 /* CDVUniqueDeviceID.h */,
				0CDB69756F4F4DE08711F40F /* SQLitePlugin.m */,
				47AE517E67D146DD95196FDC /* PSPDFThreadSafeMutableDictionary.m */,
				7B21AAEEAB764E248D900360 /* sqlite3.c */,
				CA3915B8C2F84E81AA4804DB /* SQLitePlugin.h */,
				176F41CCC73E467B85B3DF33 /* PSPDFThreadSafeMutableDictionary.h */,
				8AF429649C1A4396863F4693 /* sqlite3.h */,
				52C03443119B46388248D144 /* IonicKeyboard.m */,
				10B0D39BDC27456788EB6538 /* IonicKeyboard.h */,
			);
			name = Plugins;
			path = MarketBot/Plugins;
			sourceTree = SOURCE_ROOT;
		};
		EB87FDF11871DA420020F90C /* Staging */ = {
			isa = PBXGroup;
			children = (
				F840E1F0165FE0F500CFE078 /* config.xml */,
				301BF56E109A69640062928A /* www */,
			);
			name = Staging;
			sourceTree = "<group>";
		};
/* End PBXGroup section */

/* Begin PBXNativeTarget section */
		1D6058900D05DD3D006BFB54 /* MarketBot */ = {
			isa = PBXNativeTarget;
			buildConfigurationList = 1D6058960D05DD3E006BFB54 /* Build configuration list for PBXNativeTarget "MarketBot" */;
			buildPhases = (
				304B58A110DAC018002A0835 /* Copy www directory */,
				1D60588D0D05DD3D006BFB54 /* Resources */,
				1D60588E0D05DD3D006BFB54 /* Sources */,
				1D60588F0D05DD3D006BFB54 /* Frameworks */,
			);
			buildRules = (
			);
			dependencies = (
				301BF551109A68C00062928A /* PBXTargetDependency */,
			);
			name = MarketBot;
			productName = MarketBot;
			productReference = 1D6058910D05DD3D006BFB54 /* MarketBot.app */;
			productType = "com.apple.product-type.application";
		};
/* End PBXNativeTarget section */

/* Begin PBXProject section */
		29B97313FDCFA39411CA2CEA /* Project object */ = {
			isa = PBXProject;
			attributes = {
				LastUpgradeCheck = 510;
				TargetAttributes = {
					1D6058900D05DD3D006BFB54 = {
						DevelopmentTeam = JTD5JEN82D;
						ProvisioningStyle = Manual;
					};
				};
			};
			buildConfigurationList = C01FCF4E08A954540054247B /* Build configuration list for PBXProject "MarketBot" */;
			compatibilityVersion = "Xcode 3.2";
			developmentRegion = English;
			hasScannedForEncodings = 1;
			knownRegions = (
				en,
			);
			mainGroup = 29B97314FDCFA39411CA2CEA /* CustomTemplate */;
			projectDirPath = "";
			projectReferences = (
				{
					ProductGroup = 301BF52E109A57CC0062928A /* Products */;
					ProjectRef = 301BF52D109A57CC0062928A /* CordovaLib/CordovaLib.xcodeproj */;
				},
			);
			projectRoot = "";
			targets = (
				1D6058900D05DD3D006BFB54 /* MarketBot */,
			);
		};
/* End PBXProject section */

/* Begin PBXReferenceProxy section */
		301BF535109A57CC0062928A /* libCordova.a */ = {
			isa = PBXReferenceProxy;
			fileType = archive.ar;
			path = libCordova.a;
			remoteRef = 301BF534109A57CC0062928A /* PBXContainerItemProxy */;
			sourceTree = BUILT_PRODUCTS_DIR;
		};
		3453D0D721488786000B883A /* Cordova.framework */ = {
			isa = PBXReferenceProxy;
			fileType = wrapper.framework;
			path = Cordova.framework;
			remoteRef = 3453D0D621488786000B883A /* PBXContainerItemProxy */;
			sourceTree = BUILT_PRODUCTS_DIR;
		};
/* End PBXReferenceProxy section */

/* Begin PBXResourcesBuildPhase section */
		1D60588D0D05DD3D006BFB54 /* Resources */ = {
			isa = PBXResourcesBuildPhase;
			buildActionMask = 2147483647;
			files = (
				302D95F214D2391D003F00A1 /* MainViewController.xib in Resources */,
				0207DA581B56EA530066E2B4 /* Images.xcassets in Resources */,
				6AFF5BF91D6E424B00AB3073 /* CDVLaunchScreen.storyboard in Resources */,
				631B28215DA542C299928248 /* appbeep.wav in Resources */,
			);
			runOnlyForDeploymentPostprocessing = 0;
		};
/* End PBXResourcesBuildPhase section */

/* Begin PBXShellScriptBuildPhase section */
		304B58A110DAC018002A0835 /* Copy www directory */ = {
			isa = PBXShellScriptBuildPhase;
			buildActionMask = 2147483647;
			files = (
			);
			inputPaths = (
			);
			name = "Copy www directory";
			outputPaths = (
			);
			runOnlyForDeploymentPostprocessing = 0;
			shellPath = /bin/sh;
			shellScript = "NODEJS_PATH=/usr/local/bin; NVM_NODE_PATH=~/.nvm/versions/node/`nvm version 2>/dev/null`/bin; N_NODE_PATH=`find /usr/local/n/versions/node/* -maxdepth 0 -type d 2>/dev/null | tail -1`/bin; XCODE_NODE_PATH=`xcode-select --print-path`/usr/share/xcs/Node/bin; PATH=$NODEJS_PATH:$NVM_NODE_PATH:$N_NODE_PATH:$XCODE_NODE_PATH:$PATH && node cordova/lib/copy-www-build-step.js";
			showEnvVarsInLog = 0;
		};
/* End PBXShellScriptBuildPhase section */

/* Begin PBXSourcesBuildPhase section */
		1D60588E0D05DD3D006BFB54 /* Sources */ = {
			isa = PBXSourcesBuildPhase;
			buildActionMask = 2147483647;
			files = (
				1D60589B0D05DD56006BFB54 /* main.m in Sources */,
				1D3623260D0F684500981E51 /* AppDelegate.m in Sources */,
				302D95F114D2391D003F00A1 /* MainViewController.m in Sources */,
				85AB764FC2344360BE803A94 /* StreamingMedia.m in Sources */,
				12C64A6C0F59498D95D5D012 /* CDVFile.m in Sources */,
				C5C28F45FDF242EF831AF595 /* CDVLocalFilesystem.m in Sources */,
				3EE4667CA6304397A64A04EF /* CDVAssetLibraryFilesystem.m in Sources */,
				1978852D1E5A4773998FDC19 /* CordovaHttpPlugin.m in Sources */,
				48BC4949B56941E195BD5DB9 /* TextResponseSerializer.m in Sources */,
				9092820304D64B419DB021B2 /* TextRequestSerializer.m in Sources */,
				8B09ECBA0F66400C845F6A9E /* AFHTTPSessionManager.m in Sources */,
				252E3C4BEE5C4207938BECA8 /* AFNetworkReachabilityManager.m in Sources */,
				0FD106777D914FB5ACFA2B2A /* AFSecurityPolicy.m in Sources */,
				A75791B08801433597A3167E /* AFURLRequestSerialization.m in Sources */,
				DA4E0228507C4A6C849C24B5 /* AFURLResponseSerialization.m in Sources */,
				4FB4EF65FC274D5EB52CFF72 /* AFURLSessionManager.m in Sources */,
				315D78B2F02040969594BE27 /* SDNetworkActivityIndicator.m in Sources */,
				CC8DE6E833754F30A6E391A0 /* CDVDevice.m in Sources */,
				E543AC416A1D4F1E8C2BA359 /* APPBackgroundMode.m in Sources */,
				041B352588064AA0B5642DA0 /* APPMethodMagic.m in Sources */,
				96D7CFA02CFD4E9DAB035048 /* CDVFileTransfer.m in Sources */,
				59B104BA37994033A8266320 /* CDVWKWebViewEngine.m in Sources */,
				22A0288CFE53427499AE6125 /* CDVWKWebViewUIDelegate.m in Sources */,
				F3430452DB5F4794807B3F47 /* CDVWKProcessPoolFactory.m in Sources */,
				0D29338CCB7D44F994665D24 /* GCDWebServer.m in Sources */,
				FF08E5CCFB8F44828294A0D9 /* GCDWebServerConnection.m in Sources */,
				E343659B69844981AB3BD9BE /* GCDWebServerFunctions.m in Sources */,
				502451C901674337AAA8F176 /* GCDWebServerRequest.m in Sources */,
				AECA7B3EAD3D43EBAEC4004B /* GCDWebServerResponse.m in Sources */,
				09BD9E22423D48DE9C8ECA69 /* GCDWebServerDataRequest.m in Sources */,
				8EBC32132D124887BA287334 /* GCDWebServerFileRequest.m in Sources */,
				16BC931FEC1F4E10BF504B60 /* GCDWebServerMultiPartFormRequest.m in Sources */,
				7A02961F89FA4FD8BC72B638 /* GCDWebServerURLEncodedFormRequest.m in Sources */,
				BDD3210DA5EA41EFA9D71C64 /* GCDWebServerDataResponse.m in Sources */,
				B0A4FB3BBC394301A21456DD /* GCDWebServerErrorResponse.m in Sources */,
				3E5A7F0E6F4B47AE96A44E32 /* GCDWebServerFileResponse.m in Sources */,
				5CF498CF780A48A981E0BAFD /* GCDWebServerStreamedResponse.m in Sources */,
				3D8929A83CD74FD6B841DC9F /* CDVSound.m in Sources */,
				AC12E528074A4C4E8939B502 /* NativeAudio.m in Sources */,
				BD166F931B5340FBB56F3580 /* NativeAudioAsset.m in Sources */,
				B5F22170EA324D63AA7B9B60 /* CDVConnection.m in Sources */,
				F0262BCD9FBF41B2923604AE /* CDVReachability.m in Sources */,
				34436CC1EE5B48C0973AAC0E /* CDVOrientation.m in Sources */,
				1DDCD9994F594E36B3C47794 /* SpeechRecognition.m in Sources */,
				C329C8286F8B409D890C1520 /* CDVSplashScreen.m in Sources */,
				FFC19C10A2DA48109761E553 /* CDVViewController+SplashScreen.m in Sources */,
				686FD18CB75D4E31BACC5A40 /* CDVStatusBar.m in Sources */,
				6AC4259171AD4190B7D81CD4 /* CDVTTS.m in Sources */,
				ED827CB793B84E77A3BB0079 /* UICKeyChainStore.m in Sources */,
				35587F531B2C420F9CFA97E6 /* CDVUniqueDeviceID.m in Sources */,
				1119F17CB25A44CDA58D348D /* SQLitePlugin.m in Sources */,
				9F22E3279182469EABDCFD4E /* PSPDFThreadSafeMutableDictionary.m in Sources */,
				2A6F328E8C3146999FA4B04D /* sqlite3.c in Sources */,
				FE1671F2BD5641A289EF98BE /* IonicKeyboard.m in Sources */,
			);
			runOnlyForDeploymentPostprocessing = 0;
		};
/* End PBXSourcesBuildPhase section */

/* Begin PBXTargetDependency section */
		301BF551109A68C00062928A /* PBXTargetDependency */ = {
			isa = PBXTargetDependency;
			name = CordovaLib;
			targetProxy = 301BF550109A68C00062928A /* PBXContainerItemProxy */;
		};
/* End PBXTargetDependency section */

/* Begin XCBuildConfiguration section */
		1D6058940D05DD3E006BFB54 /* Debug */ = {
			isa = XCBuildConfiguration;
			baseConfigurationReference = 3047A50F1AB8059700498E2A /* build-debug.xcconfig */;
			buildSettings = {
				ALWAYS_SEARCH_USER_PATHS = NO;
				ASSETCATALOG_COMPILER_APPICON_NAME = AppIcon;
				ASSETCATALOG_COMPILER_LAUNCHIMAGE_NAME = LaunchImage;
				CLANG_ENABLE_MODULES = YES;
				CLANG_ENABLE_OBJC_ARC = YES;
				CODE_SIGN_IDENTITY = "iPhone Distribution";
				CODE_SIGN_STYLE = Manual;
				COPY_PHASE_STRIP = NO;
				DEVELOPMENT_TEAM = JTD5JEN82D;
				GCC_DYNAMIC_NO_PIC = NO;
				GCC_OPTIMIZATION_LEVEL = 0;
				GCC_PRECOMPILE_PREFIX_HEADER = YES;
				GCC_PREFIX_HEADER = "MarketBot/MarketBot-Prefix.pch";
				GCC_THUMB_SUPPORT = NO;
				GCC_VERSION = "";
				INFOPLIST_FILE = "MarketBot/MarketBot-Info.plist";
				IPHONEOS_DEPLOYMENT_TARGET = 9.0;
				LD_RUNPATH_SEARCH_PATHS = "@executable_path/Frameworks";
				PRODUCT_NAME = MarketBot;
				PROVISIONING_PROFILE = "d781739d-3126-4c39-8e0a-cc6c723faab1";
				PROVISIONING_PROFILE_SPECIFIER = Marketbot;
				TARGETED_DEVICE_FAMILY = "1,2";
			};
			name = Debug;
		};
		1D6058950D05DD3E006BFB54 /* Release */ = {
			isa = XCBuildConfiguration;
			baseConfigurationReference = 3047A5101AB8059700498E2A /* build-release.xcconfig */;
			buildSettings = {
				ALWAYS_SEARCH_USER_PATHS = NO;
				ASSETCATALOG_COMPILER_APPICON_NAME = AppIcon;
				ASSETCATALOG_COMPILER_LAUNCHIMAGE_NAME = LaunchImage;
				CLANG_ENABLE_MODULES = YES;
				CLANG_ENABLE_OBJC_ARC = YES;
				CODE_SIGN_IDENTITY = "iPhone Distribution";
				CODE_SIGN_STYLE = Manual;
				COPY_PHASE_STRIP = YES;
				DEVELOPMENT_TEAM = JTD5JEN82D;
				GCC_PRECOMPILE_PREFIX_HEADER = YES;
				GCC_PREFIX_HEADER = "MarketBot/MarketBot-Prefix.pch";
				GCC_THUMB_SUPPORT = NO;
				GCC_VERSION = "";
				INFOPLIST_FILE = "MarketBot/MarketBot-Info.plist";
				IPHONEOS_DEPLOYMENT_TARGET = 9.0;
				LD_RUNPATH_SEARCH_PATHS = "@executable_path/Frameworks";
				PRODUCT_NAME = MarketBot;
				PROVISIONING_PROFILE = "d781739d-3126-4c39-8e0a-cc6c723faab1";
				PROVISIONING_PROFILE_SPECIFIER = Marketbot;
				TARGETED_DEVICE_FAMILY = "1,2";
			};
			name = Release;
		};
		C01FCF4F08A954540054247B /* Debug */ = {
			isa = XCBuildConfiguration;
			baseConfigurationReference = 3047A5111AB8059700498E2A /* build.xcconfig */;
			buildSettings = {
				CLANG_ENABLE_MODULES = YES;
				CLANG_ENABLE_OBJC_ARC = YES;
				CLANG_WARN_BOOL_CONVERSION = YES;
				CLANG_WARN_CONSTANT_CONVERSION = YES;
				CLANG_WARN_EMPTY_BODY = YES;
				CLANG_WARN_ENUM_CONVERSION = YES;
				CLANG_WARN_INT_CONVERSION = YES;
				CLANG_WARN__DUPLICATE_METHOD_MATCH = YES;
				GCC_C_LANGUAGE_STANDARD = c99;
				GCC_THUMB_SUPPORT = NO;
				GCC_VERSION = "";
				GCC_WARN_ABOUT_RETURN_TYPE = YES;
				GCC_WARN_UNDECLARED_SELECTOR = YES;
				GCC_WARN_UNINITIALIZED_AUTOS = YES;
				GCC_WARN_UNUSED_FUNCTION = YES;
				GCC_WARN_UNUSED_VARIABLE = YES;
				ONLY_ACTIVE_ARCH = YES;
				SDKROOT = iphoneos;
				SKIP_INSTALL = NO;
			};
			name = Debug;
		};
		C01FCF5008A954540054247B /* Release */ = {
			isa = XCBuildConfiguration;
			baseConfigurationReference = 3047A5111AB8059700498E2A /* build.xcconfig */;
			buildSettings = {
				CLANG_ENABLE_MODULES = YES;
				CLANG_ENABLE_OBJC_ARC = YES;
				CLANG_WARN_BOOL_CONVERSION = YES;
				CLANG_WARN_CONSTANT_CONVERSION = YES;
				CLANG_WARN_EMPTY_BODY = YES;
				CLANG_WARN_ENUM_CONVERSION = YES;
				CLANG_WARN_INT_CONVERSION = YES;
				CLANG_WARN__DUPLICATE_METHOD_MATCH = YES;
				GCC_C_LANGUAGE_STANDARD = c99;
				GCC_THUMB_SUPPORT = NO;
				GCC_VERSION = "";
				GCC_WARN_ABOUT_RETURN_TYPE = YES;
				GCC_WARN_UNDECLARED_SELECTOR = YES;
				GCC_WARN_UNINITIALIZED_AUTOS = YES;
				GCC_WARN_UNUSED_FUNCTION = YES;
				GCC_WARN_UNUSED_VARIABLE = YES;
				SDKROOT = iphoneos;
				SKIP_INSTALL = NO;
			};
			name = Release;
		};
/* End XCBuildConfiguration section */

/* Begin XCConfigurationList section */
		1D6058960D05DD3E006BFB54 /* Build configuration list for PBXNativeTarget "MarketBot" */ = {
			isa = XCConfigurationList;
			buildConfigurations = (
				1D6058940D05DD3E006BFB54 /* Debug */,
				1D6058950D05DD3E006BFB54 /* Release */,
			);
			defaultConfigurationIsVisible = 0;
			defaultConfigurationName = Release;
		};
		C01FCF4E08A954540054247B /* Build configuration list for PBXProject "MarketBot" */ = {
			isa = XCConfigurationList;
			buildConfigurations = (
				C01FCF4F08A954540054247B /* Debug */,
				C01FCF5008A954540054247B /* Release */,
			);
			defaultConfigurationIsVisible = 0;
			defaultConfigurationName = Release;
		};
/* End XCConfigurationList section */
	};
	rootObject = 29B97313FDCFA39411CA2CEA /* Project object */;
}
